
Microsoft Visual Studio Solution File, Format Version 12.00
# Visual Studio Version 17
VisualStudioVersion = 17.7.34202.233
MinimumVisualStudioVersion = 10.0.40219.1
Project("{FAE04EC0-301F-11D3-BF4B-00C04F79EFBC}") = "ATELIER1", "ATELIER1.csproj", "{118F2F76-28F5-49DB-AE00-E71E338C226B}"
EndProject
Global
	GlobalSection(SolutionConfigurationPlatforms) = preSolution
		Debug|Any CPU = Debug|Any CPU
		Release|Any CPU = Release|Any CPU
	EndGlobalSection
	GlobalSection(ProjectConfigurationPlatforms) = postSolution
		{118F2F76-28F5-49DB-AE00-E71E338C226B}.Debug|Any CPU.ActiveCfg = Debug|Any CPU
		{118F2F76-28F5-49DB-AE00-E71E338C226B}.Debug|Any CPU.Build.0 = Debug|Any CPU
		{118F2F76-28F5-49DB-AE00-E71E338C226B}.Release|Any CPU.ActiveCfg = Release|Any CPU
		{118F2F76-28F5-49DB-AE00-E71E338C226B}.Release|Any CPU.Build.0 = Release|Any CPU
	EndGlobalSection
	GlobalSection(SolutionProperties) = preSolution
		HideSolutionNode = FALSE
	EndGlobalSection
	GlobalSection(ExtensibilityGlobals) = postSolution
		SolutionGuid = {2A781F7F-08B6-4C04-BFD9-745A6BF1696E}
	EndGlobalSection
EndGlobal
